
Microsoft Visual Studio Solution File, Format Version 12.00
# Visual Studio Version 17
VisualStudioVersion = 17.5.33424.131
MinimumVisualStudioVersion = 10.0.40219.1
Project("{FAE04EC0-301F-11D3-BF4B-00C04F79EFBC}") = "PPLab6", "PPLab6\PPLab6.csproj", "{8ED55D90-8724-4063-B0C4-C3543B10F80F}"
EndProject
Global
	GlobalSection(SolutionConfigurationPlatforms) = preSolution
		Debug|Any CPU = Debug|Any CPU
		Release|Any CPU = Release|Any CPU
	EndGlobalSection
	GlobalSection(ProjectConfigurationPlatforms) = postSolution
		{8ED55D90-8724-4063-B0C4-C3543B10F80F}.Debug|Any CPU.ActiveCfg = Debug|Any CPU
		{8ED55D90-8724-4063-B0C4-C3543B10F80F}.Debug|Any CPU.Build.0 = Debug|Any CPU
		{8ED55D90-8724-4063-B0C4-C3543B10F80F}.Release|Any CPU.ActiveCfg = Release|Any CPU
		{8ED55D90-8724-4063-B0C4-C3543B10F80F}.Release|Any CPU.Build.0 = Release|Any CPU
	EndGlobalSection
	GlobalSection(SolutionProperties) = preSolution
		HideSolutionNode = FALSE
	EndGlobalSection
	GlobalSection(ExtensibilityGlobals) = postSolution
		SolutionGuid = {1EC70D1C-F862-437F-BAA5-8416B0EFE868}
	EndGlobalSection
EndGlobal
